
Microsoft Visual Studio Solution File, Format Version 12.00
# Visual Studio Version 17
VisualStudioVersion = 17.10.35013.160
MinimumVisualStudioVersion = 10.0.40219.1
Project("{FAE04EC0-301F-11D3-BF4B-00C04F79EFBC}") = "WEB_API", "WEB_API\WEB_API.csproj", "{F8A00908-2DF2-4DB3-8B04-8E974E11CA88}"
EndProject
Global
	GlobalSection(SolutionConfigurationPlatforms) = preSolution
		Debug|Any CPU = Debug|Any CPU
		Release|Any CPU = Release|Any CPU
	EndGlobalSection
	GlobalSection(ProjectConfigurationPlatforms) = postSolution
		{F8A00908-2DF2-4DB3-8B04-8E974E11CA88}.Debug|Any CPU.ActiveCfg = Debug|Any CPU
		{F8A00908-2DF2-4DB3-8B04-8E974E11CA88}.Debug|Any CPU.Build.0 = Debug|Any CPU
		{F8A00908-2DF2-4DB3-8B04-8E974E11CA88}.Release|Any CPU.ActiveCfg = Release|Any CPU
		{F8A00908-2DF2-4DB3-8B04-8E974E11CA88}.Release|Any CPU.Build.0 = Release|Any CPU
	EndGlobalSection
	GlobalSection(SolutionProperties) = preSolution
		HideSolutionNode = FALSE
	EndGlobalSection
	GlobalSection(ExtensibilityGlobals) = postSolution
		SolutionGuid = {8912FB0F-8799-445D-8B10-FE4C45737388}
	EndGlobalSection
EndGlobal
